
Microsoft Visual Studio Solution File, Format Version 12.00
# Visual Studio Version 17
VisualStudioVersion = 17.14.37012.4
MinimumVisualStudioVersion = 10.0.40219.1
Project("{FAE04EC0-301F-11D3-BF4B-00C04F79EFBC}") = "1", "1\1.csproj", "{4F86722E-8841-4786-8D61-84F8BBB5BC2D}"
EndProject
Project("{FAE04EC0-301F-11D3-BF4B-00C04F79EFBC}") = "2", "2\2.csproj", "{D98C2F11-50DD-4F31-AEFC-97EB15F03E20}"
EndProject
Project("{FAE04EC0-301F-11D3-BF4B-00C04F79EFBC}") = "3", "3\3.csproj", "{D2E443B2-5657-4113-8174-18CF7ABCF12F}"
EndProject
Project("{FAE04EC0-301F-11D3-BF4B-00C04F79EFBC}") = "4", "4\4.csproj", "{03428EE7-7F6D-486A-A962-980996E5FA88}"
EndProject
Project("{FAE04EC0-301F-11D3-BF4B-00C04F79EFBC}") = "5", "5\5.csproj", "{1D7952DC-446B-48D6-A9BC-C039D193E7D9}"
EndProject
Global
	GlobalSection(SolutionConfigurationPlatforms) = preSolution
		Debug|Any CPU = Debug|Any CPU
		Release|Any CPU = Release|Any CPU
	EndGlobalSection
	GlobalSection(ProjectConfigurationPlatforms) = postSolution
		{4F86722E-8841-4786-8D61-84F8BBB5BC2D}.Debug|Any CPU.ActiveCfg = Debug|Any CPU
		{4F86722E-8841-4786-8D61-84F8BBB5BC2D}.Debug|Any CPU.Build.0 = Debug|Any CPU
		{4F86722E-8841-4786-8D61-84F8BBB5BC2D}.Release|Any CPU.ActiveCfg = Release|Any CPU
		{4F86722E-8841-4786-8D61-84F8BBB5BC2D}.Release|Any CPU.Build.0 = Release|Any CPU
		{D98C2F11-50DD-4F31-AEFC-97EB15F03E20}.Debug|Any CPU.ActiveCfg = Debug|Any CPU
		{D98C2F11-50DD-4F31-AEFC-97EB15F03E20}.Debug|Any CPU.Build.0 = Debug|Any CPU
		{D98C2F11-50DD-4F31-AEFC-97EB15F03E20}.Release|Any CPU.ActiveCfg = Release|Any CPU
		{D98C2F11-50DD-4F31-AEFC-97EB15F03E20}.Release|Any CPU.Build.0 = Release|Any CPU
		{D2E443B2-5657-4113-8174-18CF7ABCF12F}.Debug|Any CPU.ActiveCfg = Debug|Any CPU
		{D2E443B2-5657-4113-8174-18CF7ABCF12F}.Debug|Any CPU.Build.0 = Debug|Any CPU
		{D2E443B2-5657-4113-8174-18CF7ABCF12F}.Release|Any CPU.ActiveCfg = Release|Any CPU
		{D2E443B2-5657-4113-8174-18CF7ABCF12F}.Release|Any CPU.Build.0 = Release|Any CPU
		{03428EE7-7F6D-486A-A962-980996E5FA88}.Debug|Any CPU.ActiveCfg = Debug|Any CPU
		{03428EE7-7F6D-486A-A962-980996E5FA88}.Debug|Any CPU.Build.0 = Debug|Any CPU
		{03428EE7-7F6D-486A-A962-980996E5FA88}.Release|Any CPU.ActiveCfg = Release|Any CPU
		{03428EE7-7F6D-486A-A962-980996E5FA88}.Release|Any CPU.Build.0 = Release|Any CPU
		{1D7952DC-446B-48D6-A9BC-C039D193E7D9}.Debug|Any CPU.ActiveCfg = Debug|Any CPU
		{1D7952DC-446B-48D6-A9BC-C039D193E7D9}.Debug|Any CPU.Build.0 = Debug|Any CPU
		{1D7952DC-446B-48D6-A9BC-C039D193E7D9}.Release|Any CPU.ActiveCfg = Release|Any CPU
		{1D7952DC-446B-48D6-A9BC-C039D193E7D9}.Release|Any CPU.Build.0 = Release|Any CPU
	EndGlobalSection
	GlobalSection(SolutionProperties) = preSolution
		HideSolutionNode = FALSE
	EndGlobalSection
	GlobalSection(ExtensibilityGlobals) = postSolution
		SolutionGuid = {1DFEED4C-E4C8-4911-844A-CB439C889A6D}
	EndGlobalSection
EndGlobal
